schema: '2.0'
stages:
  convert_to_csv:
    cmd: python src/dvc/convert_to_csv.py
    deps:
    - path: data/raw/CENTRO_SAUDE_new.xlsx
      hash: md5
      md5: 958a7eb73ebabf47cd19c271f1953674
      size: 15557
      isexec: true
    - path: data/raw/Dengue2007_2025.xlsx
      hash: md5
      md5: 9106855d61385311af5afa70ef0b7fbf
      size: 159939359
      isexec: true
    - path: 
        data/raw/IBGE/2010/population/Base_informacoes_setores2010_sinopse_MG.xls
      hash: md5
      md5: 08409f75fb0f68e7afd95f847926f292
      size: 81650176
      isexec: true
    - path: 
        data/raw/IBGE/2022/population/Agregados_por_setores_basico_BR_20250417.csv
      hash: md5
      md5: dbf328d9edf1aa2eae19a0f594d8d808
      size: 136698956
      isexec: true
    - path: data/raw/IBGE/Historico_formacao_Setores_Censitarios_2010_2022.xlsx
      hash: md5
      md5: f26038f518869b6c4775d95bc0a756d5
      size: 83684271
      isexec: true
    - path: data/raw/MasterDataExtend062025_v2.xlsx
      hash: md5
      md5: 69e68a7c4dc13d9c4aa97e41b13e6e40
      size: 156595090
      isexec: true
    - path: src/dvc/convert_to_csv.py
      hash: md5
      md5: 540539b0af8e5940985cac869deb05de
      size: 4232
      isexec: true
    outs:
    - path: data/dvc/convert_to_csv/dengue.csv
      hash: md5
      md5: 33a0ec4f20e293d8bba1654e7a2e9e14
      size: 193394576
    - path: data/dvc/convert_to_csv/health_centers.csv
      hash: md5
      md5: 86468a168c24f2efc046dce120cb4f53
      size: 8489
    - path: data/dvc/convert_to_csv/ibge_2010_population.csv
      hash: md5
      md5: b6bd652db7aeb7a7cd19103275c50baa
      size: 20331297
    - path: data/dvc/convert_to_csv/ibge_2022_population.csv
      hash: md5
      md5: 2c9dd1501f6ccc75d352d8686a17b392
      size: 106717752
    - path: data/dvc/convert_to_csv/ibge_sector_history.csv
      hash: md5
      md5: f87bdf45614d018270e2fe7aca2479a3
      size: 165531147
    - path: data/dvc/convert_to_csv/ovitraps.csv
      hash: md5
      md5: 44ebf046b0bc2cfa92db3f7db96866c6
      size: 241072427
  slow_processing:
    cmd: python src/process_data_slow.py
    deps:
    - path: data/raw/CENTRO_SAUDE_new.csv
      hash: md5
      md5: 0add8a3c30d9513847be9ce7e252f6ff
      size: 8643
    - path: data/raw/Dengue2007_2025.csv
      hash: md5
      md5: b5df7ac3ff6a3298b4d442fabee86486
      size: 203030067
    - path: data/raw/MasterDataExtend062025_v2.csv
      hash: md5
      md5: df499ee47b140f9b8f8973a1fbe4bc55
      size: 241625327
    - path: src/process_data_slow.py
      hash: md5
      md5: 1e7d597a9956fd78b1caa55e27a71294
      size: 2078
    outs:
    - path: data/processed/slow/dengue_data.csv
      hash: md5
      md5: 165f691d761e1afad0aec807eb572901
      size: 243910593
    - path: data/processed/slow/health_centers.csv
      hash: md5
      md5: 88d0536056166b2560c6f260de716162
      size: 8640
    - path: data/processed/slow/ovitraps_data.csv
      hash: md5
      md5: 1c387e4fc3c755ab2a03ba9f89c7d8a4
      size: 273805567
  fast_processing:
    cmd: python src/process_data_fast.py
    deps:
    - path: data/processed/slow/dengue_data.csv
      hash: md5
      md5: 165f691d761e1afad0aec807eb572901
      size: 243910593
      isexec: true
    - path: data/processed/slow/health_centers.csv
      hash: md5
      md5: 88d0536056166b2560c6f260de716162
      size: 8640
      isexec: true
    - path: data/processed/slow/ovitraps_data.csv
      hash: md5
      md5: 1c387e4fc3c755ab2a03ba9f89c7d8a4
      size: 273805567
      isexec: true
    - path: src/process_data_fast.py
      hash: md5
      md5: b321a738e23e671bb3aff9b2f2a5ce1c
      size: 8312
      isexec: true
    outs:
    - path: data/processed/add_population_sectors/dengue_data.csv
      hash: md5
      md5: a48517c7bc438ee6d24363efb87e093e
      size: 176109888
    - path: data/processed/add_population_sectors/ovitraps_data.csv
      hash: md5
      md5: 3a18c9fce68b89ee5f3f9b5fd8f9bba7
      size: 290368301
    - path: data/processed/health_centers.csv
      hash: md5
      md5: 23fa334b40f980f38488aa62f54499cb
      size: 8486
  raw_data_test:
    cmd:
    - pytest test/data/raw/test_raw_data.py
    - pytest test/data/raw/test_raw_data_comparison.py
    deps:
    - path: data/raw/CENTRO_SAUDE_new.csv
      hash: md5
      md5: 0add8a3c30d9513847be9ce7e252f6ff
      size: 8643
    - path: data/raw/Dengue2007_2025.csv
      hash: md5
      md5: b5df7ac3ff6a3298b4d442fabee86486
      size: 203030067
    - path: data/raw/MasterDataExtend062025_v2.csv
      hash: md5
      md5: df499ee47b140f9b8f8973a1fbe4bc55
      size: 241625327
    - path: test/data/raw/test_raw_data.py
      hash: md5
      md5: 424277b0a894fd1d02627bff30ac8c40
      size: 12038
      isexec: true
    - path: test/data/raw/test_raw_data_comparison.py
      hash: md5
      md5: 35e6c72a4e8ebc1bdcdb2ff4a3810ad6
      size: 9379
      isexec: true
    outs:
    - path: test/data/raw/diagnosis_raw_comparison.txt
      hash: md5
      md5: 371d7de9f1b3832737bd9ea79a1928c7
      size: 1944730
    - path: test/data/raw/diagnosis_raw_data.txt
      hash: md5
      md5: 3212a314b837f1955d39daf70fe58ef0
      size: 277857
  daily_ovitraps:
    cmd: python src/daily_ovitraps.py
    deps:
    - path: data/processed/ovitraps_data.csv
      hash: md5
      md5: a7f0560daf7e2e0f3c729ec272d0c2c8
      size: 299060027
    - path: src/daily_ovitraps.py
      hash: md5
      md5: 503f79d97f665133da3447f247f79910
      size: 916
    outs:
    - path: data/processed/daily_ovitraps_data.csv
      hash: md5
      md5: e870d03ddf4201ae8939001844c92bbd
      size: 44738101
  process_data_test:
    cmd: pytest test/data/processed/test_processed_data.py
    deps:
    - path: data/processed/daily_ovitraps_data.csv
      hash: md5
      md5: e870d03ddf4201ae8939001844c92bbd
      size: 44738101
    - path: data/processed/dengue_data.csv
      hash: md5
      md5: 8d52b323a40ae7e0b0f5e2490a257f2f
      size: 184028563
    - path: data/processed/health_centers.csv
      hash: md5
      md5: 23fa334b40f980f38488aa62f54499cb
      size: 8486
    - path: data/processed/ovitraps_data.csv
      hash: md5
      md5: a7f0560daf7e2e0f3c729ec272d0c2c8
      size: 299060027
    - path: test/data/processed/test_processed_data.py
      hash: md5
      md5: 60b881e58a2bb156f33f7075c3e5678b
      size: 19944
      isexec: true
  libraries_tests:
    cmd: pytest test/utils/test_project_utils.py
    deps:
    - path: test/utils/test_project_utils.py
      hash: md5
      md5: db8901c036aae5b1d9d55893837486bb
      size: 34534
      isexec: true
    - path: utils/generic.py
      hash: md5
      md5: 1eb33aa94c9e65ce90774fdfb642677c
      size: 33506
      isexec: true
    - path: utils/project_utils.py
      hash: md5
      md5: 9aa97a35347d3f4f76df5481104b7275
      size: 30405
      isexec: true
  census_equivalence:
    cmd: python src/census_equivalence_2010_2022.py
    deps:
    - path: 
        data/IBGE/2010/population/Base_informações_setores2010_sinopse_MG.xls
      hash: md5
      md5: 08409f75fb0f68e7afd95f847926f292
      size: 81650176
    - path: data/IBGE/2010/shapefiles/
      hash: md5
      md5: 44ae24924ef2ba197c27d9a73e330d2e.dir
      size: 36610924
      nfiles: 234
    - path: data/IBGE/2022/shapefiles/MG_setores_CD2022.shp
      hash: md5
      md5: 107b597bda1188224d05a30e96ab8290
      size: 155257364
    - path: src/census_equivalence_2010_2022.py
      hash: md5
      md5: 42cc234bcdbb37ef43b369dbc3f6263a
      size: 13409
    outs:
    - path: data/processed/bh_sectors_2010_with_population.geojson
      hash: md5
      md5: 70bcf49beff4f717b75e603611a1fc9a
      size: 7478255
    - path: data/processed/bh_sectors_2022_with_2010_population.geojson
      hash: md5
      md5: b0b99e99ff60e823526a6e08301da01a
      size: 10810333
    - path: data/processed/census_equivalence_conversion_log.csv
      hash: md5
      md5: 89deacb666f15455c8c8b3378217cede
      size: 810561
    - path: data/processed/census_equivalence_sector_linkage.csv
      hash: md5
      md5: 300306fa17b124b06d72ae22aef3870c
      size: 3872750
    - path: data/processed/population_2010_to_2022_equivalent.csv
      hash: md5
      md5: dbb17a87b2fac6c488e348ec8f1226ed
      size: 181999
  process_population_data:
    cmd: python src/dvc/process_population_data.py
    deps:
    - path: data/dvc/convert_to_csv/dengue.csv
      hash: md5
      md5: 33a0ec4f20e293d8bba1654e7a2e9e14
      size: 193394576
    - path: data/dvc/convert_to_csv/ibge_2010_population.csv
      hash: md5
      md5: b6bd652db7aeb7a7cd19103275c50baa
      size: 20331297
    - path: data/dvc/convert_to_csv/ibge_sector_history.csv
      hash: md5
      md5: f87bdf45614d018270e2fe7aca2479a3
      size: 165531147
    - path: 
        data/raw/IBGE/2010/population/Base_informacoes_setores2010_sinopse_MG.xls
      hash: md5
      md5: 08409f75fb0f68e7afd95f847926f292
      size: 81650176
      isexec: true
    - path: data/raw/IBGE/2010/shapefiles/
      hash: md5
      md5: 44ae24924ef2ba197c27d9a73e330d2e.dir
      size: 36610924
      nfiles: 234
    - path: 
        data/raw/IBGE/2022/population/Agregados_por_setores_basico_BR_20250417.csv
      hash: md5
      md5: dbf328d9edf1aa2eae19a0f594d8d808
      size: 136698956
      isexec: true
    - path: data/raw/IBGE/2022/shapefiles/MG_setores_CD2022.shp
      hash: md5
      md5: 107b597bda1188224d05a30e96ab8290
      size: 155257364
      isexec: true
    - path: src/dvc/process_population_data.py
      hash: md5
      md5: b2593bff1d8e53e907b6691edceddc91
      size: 25568
    outs:
    - path: 
        data/dvc/process_population_data/bh_sectors_2022_with_populations.geojson
      hash: md5
      md5: 479a5d3f31facc2e3a4127f11a270d08
      size: 10763766
    - path: data/dvc/process_population_data/interpolated_population_data.csv
      hash: md5
      md5: 53fbd528cc06aa90ff8cc867b8c030ed
      size: 19662444
    - path: data/dvc/process_population_data/population_data.csv
      hash: md5
      md5: 458856d97787aa7942155ac2183aee00
      size: 123421
  add_population_sectors:
    cmd: python src/add_population_sectors.py
    deps:
    - path: data/processed/add_population_sectors/dengue_data.csv
      hash: md5
      md5: a48517c7bc438ee6d24363efb87e093e
      size: 176109888
    - path: data/processed/add_population_sectors/ovitraps_data.csv
      hash: md5
      md5: 3a18c9fce68b89ee5f3f9b5fd8f9bba7
      size: 290368301
    - path: data/processed/bh_sectors_2022_with_populations.geojson
      hash: md5
      md5: 479a5d3f31facc2e3a4127f11a270d08
      size: 10763766
    - path: src/add_population_sectors.py
      hash: md5
      md5: c8659a3bb1c61a2e7cabb7413d3d8712
      size: 9739
      isexec: true
    outs:
    - path: data/processed/dengue_data.csv
      hash: md5
      md5: 8d52b323a40ae7e0b0f5e2490a257f2f
      size: 184028563
    - path: data/processed/ovitraps_data.csv
      hash: md5
      md5: a7f0560daf7e2e0f3c729ec272d0c2c8
      size: 299060027
  calculate_dengue_per_capita:
    cmd: python src/calculate_dengue_per_capita.py
    deps:
    - path: data/processed/dengue_data.csv
      hash: md5
      md5: 8d52b323a40ae7e0b0f5e2490a257f2f
      size: 184028563
    - path: data/processed/interpolated_population_data.csv
      hash: md5
      md5: 7638c3cf17e399d966a1b5d80a8529a2
      size: 19396503
    - path: src/calculate_dengue_per_capita.py
      hash: md5
      md5: 9285db49dbbbb2f4049d4320f3abce5b
      size: 9431
    outs:
    - path: data/processed/dengue_per_capita.csv
      hash: md5
      md5: a86b564b297770c2eee28ae3c461c37c
      size: 142080187
  associate_ovitraps_and_population:
    cmd: python src/associate_ovitraps_and_population.py
    deps:
    - path: data/processed/bh_sectors_2022_with_populations.geojson
      hash: md5
      md5: 479a5d3f31facc2e3a4127f11a270d08
      size: 10763766
    - path: data/processed/ovitraps_data.csv
      hash: md5
      md5: a7f0560daf7e2e0f3c729ec272d0c2c8
      size: 299060027
    - path: src/associate_ovitraps_and_population.py
      hash: md5
      md5: 143127f7a3f481d9fdbb989c02a06138
      size: 14337
      isexec: true
    outs:
    - path: data/processed/bh_sectors_2022_centroids.csv
      hash: md5
      md5: 2eca4f577656496b3186b0bec9bfb4e2
      size: 561709
    - path: data/processed/sector_centroids_with_idw.csv
      hash: md5
      md5: b7c563dbadcaa4330f5f4f2aef152fe4
      size: 261138419
  centroids_test:
    cmd: pytest test/data/processed/test_centroids.py
    deps:
    - path: data/processed/bh_sectors_2022_centroids.csv
      hash: md5
      md5: 2eca4f577656496b3186b0bec9bfb4e2
      size: 561709
    - path: data/processed/bh_sectors_2022_with_populations.geojson
      hash: md5
      md5: 479a5d3f31facc2e3a4127f11a270d08
      size: 10763766
    - path: data/processed/ovitraps_data.csv
      hash: md5
      md5: a7f0560daf7e2e0f3c729ec272d0c2c8
      size: 299060027
    - path: data/processed/sector_centroids_with_idw.csv
      hash: md5
      md5: b7c563dbadcaa4330f5f4f2aef152fe4
      size: 261138419
    - path: test/data/processed/test_centroids.py
      hash: md5
      md5: 599bf9d6f93f40b14e2ca5b6080130ba
      size: 11762
  dengue_per_capita_test:
    cmd: pytest test/data/processed/test_dengue_per_capita.py
    deps:
    - path: data/processed/dengue_data.csv
      hash: md5
      md5: 8d52b323a40ae7e0b0f5e2490a257f2f
      size: 184028563
    - path: data/processed/dengue_per_capita.csv
      hash: md5
      md5: a86b564b297770c2eee28ae3c461c37c
      size: 142080187
    - path: data/processed/interpolated_population_data.csv
      hash: md5
      md5: 7638c3cf17e399d966a1b5d80a8529a2
      size: 19396503
    - path: test/data/processed/test_dengue_per_capita.py
      hash: md5
      md5: 6c71057ce8ac2707a6d504475611cb64
      size: 11232
  process_data:
    cmd: python src/dvc/process_data.py
    deps:
    - path: data/dvc/convert_to_csv/dengue.csv
      hash: md5
      md5: 33a0ec4f20e293d8bba1654e7a2e9e14
      size: 193394576
    - path: data/dvc/convert_to_csv/health_centers.csv
      hash: md5
      md5: 86468a168c24f2efc046dce120cb4f53
      size: 8489
    - path: data/dvc/convert_to_csv/ovitraps.csv
      hash: md5
      md5: 44ebf046b0bc2cfa92db3f7db96866c6
      size: 241072427
    - path: src/dvc/process_data.py
      hash: md5
      md5: bc4efb3ee24f3cafdf6c207e76124906
      size: 9002
    outs:
    - path: data/dvc/process_data/daily_ovitraps_data.csv
      hash: md5
      md5: e870d03ddf4201ae8939001844c92bbd
      size: 44738101
    - path: data/dvc/process_data/dengue_data.csv
      hash: md5
      md5: 1cde0ab9b6f395253273ba6c165e5538
      size: 177872069
    - path: data/dvc/process_data/health_centers.csv
      hash: md5
      md5: 23fa334b40f980f38488aa62f54499cb
      size: 8486
    - path: data/dvc/process_data/ovitraps_data.csv
      hash: md5
      md5: f62ab5065793f28300bf5943fdb5fe81
      size: 290531195
  add_population_info:
    cmd: python src/dvc/add_population_info.py
    deps:
    - path: data/dvc/process_data/dengue_data.csv
      hash: md5
      md5: 1cde0ab9b6f395253273ba6c165e5538
      size: 177872069
    - path: data/dvc/process_data/ovitraps_data.csv
      hash: md5
      md5: f62ab5065793f28300bf5943fdb5fe81
      size: 290531195
    - path: 
        data/dvc/process_population_data/bh_sectors_2022_with_populations.geojson
      hash: md5
      md5: 479a5d3f31facc2e3a4127f11a270d08
      size: 10763766
    - path: data/dvc/process_population_data/interpolated_population_data.csv
      hash: md5
      md5: 53fbd528cc06aa90ff8cc867b8c030ed
      size: 19662444
    - path: src/dvc/add_population_info.py
      hash: md5
      md5: 3469620882d47c311ab9720945b872fc
      size: 22523
    outs:
    - path: data/dvc/add_population_info/bh_sectors_2022_centroids.csv
      hash: md5
      md5: 2eca4f577656496b3186b0bec9bfb4e2
      size: 561709
    - path: data/dvc/add_population_info/dengue_citywide_per_capita.csv
      hash: md5
      md5: 282cd5bd45d8e645e6948490fb09a59d
      size: 20514
    - path: data/dvc/add_population_info/dengue_data.csv
      hash: md5
      md5: 601512e4175ba7a6aab49ffb5317b7e8
      size: 185662807
    - path: data/dvc/add_population_info/dengue_per_capita.csv
      hash: md5
      md5: b48c88d887bddc952b1f98fc0692838f
      size: 145913819
    - path: data/dvc/add_population_info/ovitraps_data.csv
      hash: md5
      md5: afa36c1803e437361159925f399a0ac5
      size: 299094600
    - path: data/dvc/add_population_info/sector_centroids_with_idw.csv
      hash: md5
      md5: 9b8d893cb840535c5f8aa1bd9872bc12
      size: 261142185
  run_tests:
    cmd:
    - pytest test/data/raw/test_raw_data.py
    - pytest test/data/raw/test_raw_data_comparison.py
    - pytest test/data/processed/test_centroids.py
    - pytest test/data/processed/test_dengue_per_capita.py
    - pytest test/data/processed/test_processed_data.py
    - pytest test/utils/test_project_utils.py
    deps:
    - path: data/dvc/add_population_info/bh_sectors_2022_centroids.csv
      hash: md5
      md5: 2eca4f577656496b3186b0bec9bfb4e2
      size: 561709
    - path: data/dvc/add_population_info/dengue_data.csv
      hash: md5
      md5: 601512e4175ba7a6aab49ffb5317b7e8
      size: 185662807
    - path: data/dvc/add_population_info/dengue_per_capita.csv
      hash: md5
      md5: b48c88d887bddc952b1f98fc0692838f
      size: 145913819
    - path: data/dvc/add_population_info/ovitraps_data.csv
      hash: md5
      md5: afa36c1803e437361159925f399a0ac5
      size: 299094600
    - path: data/dvc/add_population_info/sector_centroids_with_idw.csv
      hash: md5
      md5: 9b8d893cb840535c5f8aa1bd9872bc12
      size: 261142185
    - path: test/data/processed/test_centroids.py
      hash: md5
      md5: 2baab6345838a6deba27e75ff6d17af6
      size: 11884
    - path: test/data/processed/test_dengue_per_capita.py
      hash: md5
      md5: 0f0c5db46ce4ff09fbeb6d59db0b28ef
      size: 11295
    - path: test/data/processed/test_processed_data.py
      hash: md5
      md5: 83de1493a3664bf9cb4976eea2f90592
      size: 19916
      isexec: true
    - path: test/data/raw/test_raw_data.py
      hash: md5
      md5: 7fb218f26da75726c675df0f5c0b640a
      size: 12019
      isexec: true
    - path: test/data/raw/test_raw_data_comparison.py
      hash: md5
      md5: 8d5f5de5afa85d85331666c7d0e1535a
      size: 9433
      isexec: true
    - path: test/utils/test_project_utils.py
      hash: md5
      md5: ba6b6b919133a2e47502857c6f6fcd77
      size: 36731
      isexec: true
    - path: utils/generic.py
      hash: md5
      md5: 412b0554423208a2be9046440e1a3cfd
      size: 33455
      isexec: true
    - path: utils/project_utils.py
      hash: md5
      md5: 01afb369e9dc4be1635fedaac1e4e845
      size: 33972
      isexec: true
    outs:
    - path: test/data/raw/diagnosis_raw_comparison.txt
      hash: md5
      md5: 5f7396f61b3524f87ea7924413b22f29
      size: 2285768
    - path: test/data/raw/diagnosis_raw_data.txt
      hash: md5
      md5: 3212a314b837f1955d39daf70fe58ef0
      size: 277857
  mlp_bh_rate_predictor:
    cmd:
    - python src/mlp_bh_rate_predictor.py
    - python scripts/mlp_bh_dashboard.py
    - python scripts/sector_mlp_dashboard.py
    deps:
    - path: data/dvc/add_population_info/dengue_citywide_per_capita.csv
      hash: md5
      md5: 282cd5bd45d8e645e6948490fb09a59d
      size: 20514
    - path: data/dvc/add_population_info/dengue_per_capita.csv
      hash: md5
      md5: b48c88d887bddc952b1f98fc0692838f
      size: 145913819
    - path: data/dvc/add_population_info/ovitraps_data.csv
      hash: md5
      md5: afa36c1803e437361159925f399a0ac5
      size: 299094600
    - path: data/dvc/add_population_info/sector_centroids_with_idw.csv
      hash: md5
      md5: 9b8d893cb840535c5f8aa1bd9872bc12
      size: 261142185
    - path: 
        data/dvc/process_population_data/bh_sectors_2022_with_populations.geojson
      hash: md5
      md5: 479a5d3f31facc2e3a4127f11a270d08
      size: 10763766
    - path: scripts/mlp_bh_dashboard.py
      hash: md5
      md5: d88a9bffed2f5179042203595dc89e61
      size: 16694
    - path: scripts/sector_mlp_dashboard.py
      hash: md5
      md5: e20a76aa8a790314dc24600623a0881c
      size: 10821
    - path: src/mlp_bh_rate_predictor.py
      hash: md5
      md5: 456c4819c136be04fa6f51d3d05aa59c
      size: 15816
    - path: utils/project_utils.py
      hash: md5
      md5: 01afb369e9dc4be1635fedaac1e4e845
      size: 33972
      isexec: true
    outs:
    - path: results/mlp_bh_rate_predictor/
      hash: md5
      md5: 95be2519353eb9fed28947464d59da43.dir
      size: 465803
      nfiles: 22
    - path: results/sector_mlp_dashboard.html
      hash: md5
      md5: 29fe27c5e03ae02ca5e3bc8831ef32a3
      size: 44377758
